
Microsoft Visual Studio Solution File, Format Version 12.00
# Visual Studio Version 16
VisualStudioVersion = 16.0.31515.178
MinimumVisualStudioVersion = 10.0.40219.1
Project("{FAE04EC0-301F-11D3-BF4B-00C04F79EFBC}") = "EFCodeFirstApp.UI", "EFCodeFirstApp.UI\EFCodeFirstApp.UI.csproj", "{424C32A4-BB62-4C31-B6FC-A2ACFA48915A}"
EndProject
Project("{FAE04EC0-301F-11D3-BF4B-00C04F79EFBC}") = "EFCodeFirstApp.Model", "EFCodeFirstApp.Model\EFCodeFirstApp.Model.csproj", "{64257A0C-F1E6-4F4D-95A8-C26857FF383E}"
EndProject
Project("{FAE04EC0-301F-11D3-BF4B-00C04F79EFBC}") = "EFCodeFirstApp.DataAccess", "EFCodeFirstApp.DataAccess\EFCodeFirstApp.DataAccess.csproj", "{884C3C6D-049A-44A7-B4EB-0E7EB15A6DD4}"
EndProject
Global
	GlobalSection(SolutionConfigurationPlatforms) = preSolution
		Debug|Any CPU = Debug|Any CPU
		Release|Any CPU = Release|Any CPU
	EndGlobalSection
	GlobalSection(ProjectConfigurationPlatforms) = postSolution
		{424C32A4-BB62-4C31-B6FC-A2ACFA48915A}.Debug|Any CPU.ActiveCfg = Debug|Any CPU
		{424C32A4-BB62-4C31-B6FC-A2ACFA48915A}.Debug|Any CPU.Build.0 = Debug|Any CPU
		{424C32A4-BB62-4C31-B6FC-A2ACFA48915A}.Release|Any CPU.ActiveCfg = Release|Any CPU
		{424C32A4-BB62-4C31-B6FC-A2ACFA48915A}.Release|Any CPU.Build.0 = Release|Any CPU
		{64257A0C-F1E6-4F4D-95A8-C26857FF383E}.Debug|Any CPU.ActiveCfg = Debug|Any CPU
		{64257A0C-F1E6-4F4D-95A8-C26857FF383E}.Debug|Any CPU.Build.0 = Debug|Any CPU
		{64257A0C-F1E6-4F4D-95A8-C26857FF383E}.Release|Any CPU.ActiveCfg = Release|Any CPU
		{64257A0C-F1E6-4F4D-95A8-C26857FF383E}.Release|Any CPU.Build.0 = Release|Any CPU
		{884C3C6D-049A-44A7-B4EB-0E7EB15A6DD4}.Debug|Any CPU.ActiveCfg = Debug|Any CPU
		{884C3C6D-049A-44A7-B4EB-0E7EB15A6DD4}.Debug|Any CPU.Build.0 = Debug|Any CPU
		{884C3C6D-049A-44A7-B4EB-0E7EB15A6DD4}.Release|Any CPU.ActiveCfg = Release|Any CPU
		{884C3C6D-049A-44A7-B4EB-0E7EB15A6DD4}.Release|Any CPU.Build.0 = Release|Any CPU
	EndGlobalSection
	GlobalSection(SolutionProperties) = preSolution
		HideSolutionNode = FALSE
	EndGlobalSection
	GlobalSection(ExtensibilityGlobals) = postSolution
		SolutionGuid = {4B34D0BB-6EF2-4912-9380-5251D965D48E}
	EndGlobalSection
EndGlobal
